
Microsoft Visual Studio Solution File, Format Version 12.00
# Visual Studio Version 17
VisualStudioVersion = 17.7.34003.232
MinimumVisualStudioVersion = 10.0.40219.1
Project("{FAE04EC0-301F-11D3-BF4B-00C04F79EFBC}") = "quanlyhocshinh", "quanlyhocshinh\quanlyhocshinh.csproj", "{38302328-5D53-4579-84F5-DEDC7017CCD3}"
EndProject
Project("{FAE04EC0-301F-11D3-BF4B-00C04F79EFBC}") = "Design", "ConsoleApp1\Design.csproj", "{73F96424-60D1-40B5-99F4-D74F9A4380DD}"
EndProject
Project("{FAE04EC0-301F-11D3-BF4B-00C04F79EFBC}") = "Infastructure", "ConsoleApp3\Infastructure.csproj", "{65C627CB-30F1-4B8D-BFEA-CD81891DFFB0}"
EndProject
Global
	GlobalSection(SolutionConfigurationPlatforms) = preSolution
		Debug|Any CPU = Debug|Any CPU
		Release|Any CPU = Release|Any CPU
	EndGlobalSection
	GlobalSection(ProjectConfigurationPlatforms) = postSolution
		{38302328-5D53-4579-84F5-DEDC7017CCD3}.Debug|Any CPU.ActiveCfg = Debug|Any CPU
		{38302328-5D53-4579-84F5-DEDC7017CCD3}.Debug|Any CPU.Build.0 = Debug|Any CPU
		{38302328-5D53-4579-84F5-DEDC7017CCD3}.Release|Any CPU.ActiveCfg = Release|Any CPU
		{38302328-5D53-4579-84F5-DEDC7017CCD3}.Release|Any CPU.Build.0 = Release|Any CPU
		{73F96424-60D1-40B5-99F4-D74F9A4380DD}.Debug|Any CPU.ActiveCfg = Debug|Any CPU
		{73F96424-60D1-40B5-99F4-D74F9A4380DD}.Debug|Any CPU.Build.0 = Debug|Any CPU
		{73F96424-60D1-40B5-99F4-D74F9A4380DD}.Release|Any CPU.ActiveCfg = Release|Any CPU
		{73F96424-60D1-40B5-99F4-D74F9A4380DD}.Release|Any CPU.Build.0 = Release|Any CPU
		{65C627CB-30F1-4B8D-BFEA-CD81891DFFB0}.Debug|Any CPU.ActiveCfg = Debug|Any CPU
		{65C627CB-30F1-4B8D-BFEA-CD81891DFFB0}.Debug|Any CPU.Build.0 = Debug|Any CPU
		{65C627CB-30F1-4B8D-BFEA-CD81891DFFB0}.Release|Any CPU.ActiveCfg = Release|Any CPU
		{65C627CB-30F1-4B8D-BFEA-CD81891DFFB0}.Release|Any CPU.Build.0 = Release|Any CPU
	EndGlobalSection
	GlobalSection(SolutionProperties) = preSolution
		HideSolutionNode = FALSE
	EndGlobalSection
	GlobalSection(ExtensibilityGlobals) = postSolution
		SolutionGuid = {573CEE55-3A6B-4DF8-8187-1BD357948539}
	EndGlobalSection
EndGlobal
